// !$*UTF8*$!
{
	archiveVersion = 1;
	classes = {
	};
	objectVersion = 55;
	objects = {

/* Begin PBXBuildFile section */
		F30C12952785CA8D00343DCB /* AgoraUniversalLinksApp.swift in Sources */ = {isa = PBXBuildFile; fileRef = F30C12942785CA8D00343DCB /* AgoraUniversalLinksApp.swift */; };
		F30C12972785CA8D00343DCB /* ContentView.swift in Sources */ = {isa = PBXBuildFile; fileRef = F30C12962785CA8D00343DCB /* ContentView.swift */; };
		F30C12992785CA9200343DCB /* Assets.xcassets in Resources */ = {isa = PBXBuildFile; fileRef = F30C12982785CA9200343DCB /* Assets.xcassets */; };
		F30C129C2785CA9200343DCB /* Preview Assets.xcassets in Resources */ = {isa = PBXBuildFile; fileRef = F30C129B2785CA9200343DCB /* Preview Assets.xcassets */; };
		F30C12A42785CAEC00343DCB /* AgoraUIKit_iOS in Frameworks */ = {isa = PBXBuildFile; productRef = F30C12A32785CAEC00343DCB /* AgoraUIKit_iOS */; };
/* End PBXBuildFile section */

/* Begin PBXFileReference section */
		F30C12912785CA8D00343DCB /* AgoraUniversalLinks.app */ = {isa = PBXFileReference; explicitFileType = wrapper.application; includeInIndex = 0; path = AgoraUniversalLinks.app; sourceTree = BUILT_PRODUCTS_DIR; };
		F30C12942785CA8D00343DCB /* AgoraUniversalLinksApp.swift */ = {isa = PBXFileReference; lastKnownFileType = sourcecode.swift; path = AgoraUniversalLinksApp.swift; sourceTree = "<group>"; };
		F30C12962785CA8D00343DCB /* ContentView.swift */ = {isa = PBXFileReference; lastKnownFileType = sourcecode.swift; path = ContentView.swift; sourceTree = "<group>"; };
		F30C12982785CA9200343DCB /* Assets.xcassets */ = {isa = PBXFileReference; lastKnownFileType = folder.assetcatalog; path = Assets.xcassets; sourceTree = "<group>"; };
		F30C129B2785CA9200343DCB /* Preview Assets.xcassets */ = {isa = PBXFileReference; lastKnownFileType = folder.assetcatalog; path = "Preview Assets.xcassets"; sourceTree = "<group>"; };
		F30C12A527873F5300343DCB /* AgoraUniversalLinks.entitlements */ = {isa = PBXFileReference; lastKnownFileType = text.plist.entitlements; path = AgoraUniversalLinks.entitlements; sourceTree = "<group>"; };
/* End PBXFileReference section */

/* Begin PBXFrameworksBuildPhase section */
		F30C128E2785CA8D00343DCB /* Frameworks */ = {
			isa = PBXFrameworksBuildPhase;
			buildActionMask = 2147483647;
			files = (
				F30C12A42785CAEC00343DCB /* AgoraUIKit_iOS in Frameworks */,
			);
			runOnlyForDeploymentPostprocessing = 0;
		};
/* End PBXFrameworksBuildPhase section */

/* Begin PBXGroup section */
		F30C12882785CA8D00343DCB = {
			isa = PBXGroup;
			children = (
				F30C12932785CA8D00343DCB /* AgoraUniversalLinks */,
				F30C12922785CA8D00343DCB /* Products */,
			);
			sourceTree = "<group>";
		};
		F30C12922785CA8D00343DCB /* Products */ = {
			isa = PBXGroup;
			children = (
				F30C12912785CA8D00343DCB /* AgoraUniversalLinks.app */,
			);
			name = Products;
			sourceTree = "<group>";
		};
		F30C12932785CA8D00343DCB /* AgoraUniversalLinks */ = {
			isa = PBXGroup;
			children = (
				F30C12A527873F5300343DCB /* AgoraUniversalLinks.entitlements */,
				F30C12942785CA8D00343DCB /* AgoraUniversalLinksApp.swift */,
				F30C12962785CA8D00343DCB /* ContentView.swift */,
				F30C12982785CA9200343DCB /* Assets.xcassets */,
				F30C129A2785CA9200343DCB /* Preview Content */,
			);
			path = AgoraUniversalLinks;
			sourceTree = "<group>";
		};
		F30C129A2785CA9200343DCB /* Preview Content */ = {
			isa = PBXGroup;
			children = (
				F30C129B2785CA9200343DCB /* Preview Assets.xcassets */,
			);
			path = "Preview Content";
			sourceTree = "<group>";
		};
/* End PBXGroup section */

/* Begin PBXNativeTarget section */
		F30C12902785CA8D00343DCB /* AgoraUniversalLinks */ = {
			isa = PBXNativeTarget;
			buildConfigurationList = F30C129F2785CA9200343DCB /* Build configuration list for PBXNativeTarget "AgoraUniversalLinks" */;
			buildPhases = (
				F30C128D2785CA8D00343DCB /* Sources */,
				F30C128E2785CA8D00343DCB /* Frameworks */,
				F30C128F2785CA8D00343DCB /* Resources */,
			);
			buildRules = (
			);
			dependencies = (
			);
			name = AgoraUniversalLinks;
			packageProductDependencies = (
				F30C12A32785CAEC00343DCB /* AgoraUIKit_iOS */,
			);
			productName = AgoraUniversalLinks;
			productReference = F30C12912785CA8D00343DCB /* AgoraUniversalLinks.app */;
			productType = "com.apple.product-type.application";
		};
/* End PBXNativeTarget section */

/* Begin PBXProject section */
		F30C12892785CA8D00343DCB /* Project object */ = {
			isa = PBXProject;
			attributes = {
				BuildIndependentTargetsInParallel = 1;
				LastSwiftUpdateCheck = 1320;
				LastUpgradeCheck = 1320;
				TargetAttributes = {
					F30C12902785CA8D00343DCB = {
						CreatedOnToolsVersion = 13.2;
					};
				};
			};
			buildConfigurationList = F30C128C2785CA8D00343DCB /* Build configuration list for PBXProject "AgoraUniversalLinks" */;
			compatibilityVersion = "Xcode 13.0";
			developmentRegion = en;
			hasScannedForEncodings = 0;
			knownRegions = (
				en,
				Base,
			);
			mainGroup = F30C12882785CA8D00343DCB;
			packageReferences = (
				F30C12A22785CAEC00343DCB /* XCRemoteSwiftPackageReference "iOS-UIKit" */,
			);
			productRefGroup = F30C12922785CA8D00343DCB /* Products */;
			projectDirPath = "";
			projectRoot = "";
			targets = (
				F30C12902785CA8D00343DCB /* AgoraUniversalLinks */,
			);
		};
/* End PBXProject section */

/* Begin PBXResourcesBuildPhase section */
		F30C128F2785CA8D00343DCB /* Resources */ = {
			isa = PBXResourcesBuildPhase;
			buildActionMask = 2147483647;
			files = (
				F30C129C2785CA9200343DCB /* Preview Assets.xcassets in Resources */,
				F30C12992785CA9200343DCB /* Assets.xcassets in Resources */,
			);
			runOnlyForDeploymentPostprocessing = 0;
		};
/* End PBXResourcesBuildPhase section */

/* Begin PBXSourcesBuildPhase section */
		F30C128D2785CA8D00343DCB /* Sources */ = {
			isa = PBXSourcesBuildPhase;
			buildActionMask = 2147483647;
			files = (
				F30C12972785CA8D00343DCB /* ContentView.swift in Sources */,
				F30C12952785CA8D00343DCB /* AgoraUniversalLinksApp.swift in Sources */,
			);
			runOnlyForDeploymentPostprocessing = 0;
		};
/* End PBXSourcesBuildPhase section */

/* Begin XCBuildConfiguration section */
		F30C129D2785CA9200343DCB /* Debug */ = {
			isa = XCBuildConfiguration;
			buildSettings = {
				ALWAYS_SEARCH_USER_PATHS = NO;
				CLANG_ANALYZER_NONNULL = YES;
				CLANG_ANALYZER_NUMBER_OBJECT_CONVERSION = YES_AGGRESSIVE;
				CLANG_CXX_LANGUAGE_STANDARD = "gnu++17";
				CLANG_CXX_LIBRARY = "libc++";
				CLANG_ENABLE_MODULES = YES;
				CLANG_ENABLE_OBJC_ARC = YES;
				CLANG_ENABLE_OBJC_WEAK = YES;
				CLANG_WARN_BLOCK_CAPTURE_AUTORELEASING = YES;
				CLANG_WARN_BOOL_CONVERSION = YES;
				CLANG_WARN_COMMA = YES;
				CLANG_WARN_CONSTANT_CONVERSION = YES;
				CLANG_WARN_DEPRECATED_OBJC_IMPLEMENTATIONS = YES;
				CLANG_WARN_DIRECT_OBJC_ISA_USAGE = YES_ERROR;
				CLANG_WARN_DOCUMENTATION_COMMENTS = YES;
				CLANG_WARN_EMPTY_BODY = YES;
				CLANG_WARN_ENUM_CONVERSION = YES;
				CLANG_WARN_INFINITE_RECURSION = YES;
				CLANG_WARN_INT_CONVERSION = YES;
				CLANG_WARN_NON_LITERAL_NULL_CONVERSION = YES;
				CLANG_WARN_OBJC_IMPLICIT_RETAIN_SELF = YES;
				CLANG_WARN_OBJC_LITERAL_CONVERSION = YES;
				CLANG_WARN_OBJC_ROOT_CLASS = YES_ERROR;
				CLANG_WARN_QUOTED_INCLUDE_IN_FRAMEWORK_HEADER = YES;
				CLANG_WARN_RANGE_LOOP_ANALYSIS = YES;
				CLANG_WARN_STRICT_PROTOTYPES = YES;
				CLANG_WARN_SUSPICIOUS_MOVE = YES;
				CLANG_WARN_UNGUARDED_AVAILABILITY = YES_AGGRESSIVE;
				CLANG_WARN_UNREACHABLE_CODE = YES;
				CLANG_WARN__DUPLICATE_METHOD_MATCH = YES;
				COPY_PHASE_STRIP = NO;
				DEBUG_INFORMATION_FORMAT = dwarf;
				ENABLE_STRICT_OBJC_MSGSEND = YES;
				ENABLE_TESTABILITY = YES;
				GCC_C_LANGUAGE_STANDARD = gnu11;
				GCC_DYNAMIC_NO_PIC = NO;
				GCC_NO_COMMON_BLOCKS = YES;
				GCC_OPTIMIZATION_LEVEL = 0;
				GCC_PREPROCESSOR_DEFINITIONS = (
					"DEBUG=1",
					"$(inherited)",
				);
				GCC_WARN_64_TO_32_BIT_CONVERSION = YES;
				GCC_WARN_ABOUT_RETURN_TYPE = YES_ERROR;
				GCC_WARN_UNDECLARED_SELECTOR = YES;
				GCC_WARN_UNINITIALIZED_AUTOS = YES_AGGRESSIVE;
				GCC_WARN_UNUSED_FUNCTION = YES;
				GCC_WARN_UNUSED_VARIABLE = YES;
				IPHONEOS_DEPLOYMENT_TARGET = 15.2;
				MTL_ENABLE_DEBUG_INFO = INCLUDE_SOURCE;
				MTL_FAST_MATH = YES;
				ONLY_ACTIVE_ARCH = YES;
				SDKROOT = iphoneos;
				SWIFT_ACTIVE_COMPILATION_CONDITIONS = DEBUG;
				SWIFT_OPTIMIZATION_LEVEL = "-Onone";
			};
			name = Debug;
		};
		F30C129E2785CA9200343DCB /* Release */ = {
			isa = XCBuildConfiguration;
			buildSettings = {
				ALWAYS_SEARCH_USER_PATHS = NO;
				CLANG_ANALYZER_NONNULL = YES;
				CLANG_ANALYZER_NUMBER_OBJECT_CONVERSION = YES_AGGRESSIVE;
				CLANG_CXX_LANGUAGE_STANDARD = "gnu++17";
				CLANG_CXX_LIBRARY = "libc++";
				CLANG_ENABLE_MODULES = YES;
				CLANG_ENABLE_OBJC_ARC = YES;
				CLANG_ENABLE_OBJC_WEAK = YES;
				CLANG_WARN_BLOCK_CAPTURE_AUTORELEASING = YES;
				CLANG_WARN_BOOL_CONVERSION = YES;
				CLANG_WARN_COMMA = YES;
				CLANG_WARN_CONSTANT_CONVERSION = YES;
				CLANG_WARN_DEPRECATED_OBJC_IMPLEMENTATIONS = YES;
				CLANG_WARN_DIRECT_OBJC_ISA_USAGE = YES_ERROR;
				CLANG_WARN_DOCUMENTATION_COMMENTS = YES;
				CLANG_WARN_EMPTY_BODY = YES;
				CLANG_WARN_ENUM_CONVERSION = YES;
				CLANG_WARN_INFINITE_RECURSION = YES;
				CLANG_WARN_INT_CONVERSION = YES;
				CLANG_WARN_NON_LITERAL_NULL_CONVERSION = YES;
				CLANG_WARN_OBJC_IMPLICIT_RETAIN_SELF = YES;
				CLANG_WARN_OBJC_LITERAL_CONVERSION = YES;
				CLANG_WARN_OBJC_ROOT_CLASS = YES_ERROR;
				CLANG_WARN_QUOTED_INCLUDE_IN_FRAMEWORK_HEADER = YES;
				CLANG_WARN_RANGE_LOOP_ANALYSIS = YES;
				CLANG_WARN_STRICT_PROTOTYPES = YES;
				CLANG_WARN_SUSPICIOUS_MOVE = YES;
				CLANG_WARN_UNGUARDED_AVAILABILITY = YES_AGGRESSIVE;
				CLANG_WARN_UNREACHABLE_CODE = YES;
				CLANG_WARN__DUPLICATE_METHOD_MATCH = YES;
				COPY_PHASE_STRIP = NO;
				DEBUG_INFORMATION_FORMAT = "dwarf-with-dsym";
				ENABLE_NS_ASSERTIONS = NO;
				ENABLE_STRICT_OBJC_MSGSEND = YES;
				GCC_C_LANGUAGE_STANDARD = gnu11;
				GCC_NO_COMMON_BLOCKS = YES;
				GCC_WARN_64_TO_32_BIT_CONVERSION = YES;
				GCC_WARN_ABOUT_RETURN_TYPE = YES_ERROR;
				GCC_WARN_UNDECLARED_SELECTOR = YES;
				GCC_WARN_UNINITIALIZED_AUTOS = YES_AGGRESSIVE;
				GCC_WARN_UNUSED_FUNCTION = YES;
				GCC_WARN_UNUSED_VARIABLE = YES;
				IPHONEOS_DEPLOYMENT_TARGET = 15.2;
				MTL_ENABLE_DEBUG_INFO = NO;
				MTL_FAST_MATH = YES;
				SDKROOT = iphoneos;
				SWIFT_COMPILATION_MODE = wholemodule;
				SWIFT_OPTIMIZATION_LEVEL = "-O";
				VALIDATE_PRODUCT = YES;
			};
			name = Release;
		};
		F30C12A02785CA9200343DCB /* Debug */ = {
			isa = XCBuildConfiguration;
			buildSettings = {
				ASSETCATALOG_COMPILER_APPICON_NAME = AppIcon;
				ASSETCATALOG_COMPILER_GLOBAL_ACCENT_COLOR_NAME = AccentColor;
				CODE_SIGN_ENTITLEMENTS = AgoraUniversalLinks/AgoraUniversalLinks.entitlements;
				CODE_SIGN_STYLE = Automatic;
				CURRENT_PROJECT_VERSION = 1;
				DEVELOPMENT_ASSET_PATHS = "\"AgoraUniversalLinks/Preview Content\"";
				DEVELOPMENT_TEAM = 278494H572;
				ENABLE_PREVIEWS = YES;
				GENERATE_INFOPLIST_FILE = YES;
				INFOPLIST_KEY_NSCameraUsageDescription = "to see you";
				INFOPLIST_KEY_NSMicrophoneUsageDescription = "to hear you";
				INFOPLIST_KEY_UIApplicationSceneManifest_Generation = YES;
				INFOPLIST_KEY_UIApplicationSupportsIndirectInputEvents = YES;
				INFOPLIST_KEY_UILaunchScreen_Generation = YES;
				INFOPLIST_KEY_UISupportedInterfaceOrientations_iPad = "UIInterfaceOrientationPortrait UIInterfaceOrientationPortraitUpsideDown UIInterfaceOrientationLandscapeLeft UIInterfaceOrientationLandscapeRight";
				INFOPLIST_KEY_UISupportedInterfaceOrientations_iPhone = "UIInterfaceOrientationPortrait UIInterfaceOrientationLandscapeLeft UIInterfaceOrientationLandscapeRight";
				LD_RUNPATH_SEARCH_PATHS = (
					"$(inherited)",
					"@executable_path/Frameworks",
				);
				MARKETING_VERSION = 1.0;
				PRODUCT_BUNDLE_IDENTIFIER = uk.rocketar.AgoraUniversalLinks;
				PRODUCT_NAME = "$(TARGET_NAME)";
				SWIFT_EMIT_LOC_STRINGS = YES;
				SWIFT_VERSION = 5.0;
				TARGETED_DEVICE_FAMILY = "1,2";
			};
			name = Debug;
		};
		F30C12A12785CA9200343DCB /* Release */ = {
			isa = XCBuildConfiguration;
			buildSettings = {
				ASSETCATALOG_COMPILER_APPICON_NAME = AppIcon;
				ASSETCATALOG_COMPILER_GLOBAL_ACCENT_COLOR_NAME = AccentColor;
				CODE_SIGN_ENTITLEMENTS = AgoraUniversalLinks/AgoraUniversalLinks.entitlements;
				CODE_SIGN_STYLE = Automatic;
				CURRENT_PROJECT_VERSION = 1;
				DEVELOPMENT_ASSET_PATHS = "\"AgoraUniversalLinks/Preview Content\"";
				DEVELOPMENT_TEAM = 278494H572;
				ENABLE_PREVIEWS = YES;
				GENERATE_INFOPLIST_FILE = YES;
				INFOPLIST_KEY_NSCameraUsageDescription = "to see you";
				INFOPLIST_KEY_NSMicrophoneUsageDescription = "to hear you";
				INFOPLIST_KEY_UIApplicationSceneManifest_Generation = YES;
				INFOPLIST_KEY_UIApplicationSupportsIndirectInputEvents = YES;
				INFOPLIST_KEY_UILaunchScreen_Generation = YES;
				INFOPLIST_KEY_UISupportedInterfaceOrientations_iPad = "UIInterfaceOrientationPortrait UIInterfaceOrientationPortraitUpsideDown UIInterfaceOrientationLandscapeLeft UIInterfaceOrientationLandscapeRight";
				INFOPLIST_KEY_UISupportedInterfaceOrientations_iPhone = "UIInterfaceOrientationPortrait UIInterfaceOrientationLandscapeLeft UIInterfaceOrientationLandscapeRight";
				LD_RUNPATH_SEARCH_PATHS = (
					"$(inherited)",
					"@executable_path/Frameworks",
				);
				MARKETING_VERSION = 1.0;
				PRODUCT_BUNDLE_IDENTIFIER = uk.rocketar.AgoraUniversalLinks;
				PRODUCT_NAME = "$(TARGET_NAME)";
				SWIFT_EMIT_LOC_STRINGS = YES;
				SWIFT_VERSION = 5.0;
				TARGETED_DEVICE_FAMILY = "1,2";
			};
			name = Release;
		};
/* End XCBuildConfiguration section */

/* Begin XCConfigurationList section */
		F30C128C2785CA8D00343DCB /* Build configuration list for PBXProject "AgoraUniversalLinks" */ = {
			isa = XCConfigurationList;
			buildConfigurations = (
				F30C129D2785CA9200343DCB /* Debug */,
				F30C129E2785CA9200343DCB /* Release */,
			);
			defaultConfigurationIsVisible = 0;
			defaultConfigurationName = Release;
		};
		F30C129F2785CA9200343DCB /* Build configuration list for PBXNativeTarget "AgoraUniversalLinks" */ = {
			isa = XCConfigurationList;
			buildConfigurations = (
				F30C12A02785CA9200343DCB /* Debug */,
				F30C12A12785CA9200343DCB /* Release */,
			);
			defaultConfigurationIsVisible = 0;
			defaultConfigurationName = Release;
		};
/* End XCConfigurationList section */

/* Begin XCRemoteSwiftPackageReference section */
		F30C12A22785CAEC00343DCB /* XCRemoteSwiftPackageReference "iOS-UIKit" */ = {
			isa = XCRemoteSwiftPackageReference;
			repositoryURL = "https://github.com/AgoraIO-Community/iOS-UIKit";
			requirement = {
				kind = upToNextMajorVersion;
				minimumVersion = 1.0.0;
			};
		};
/* End XCRemoteSwiftPackageReference section */

/* Begin XCSwiftPackageProductDependency section */
		F30C12A32785CAEC00343DCB /* AgoraUIKit_iOS */ = {
			isa = XCSwiftPackageProductDependency;
			package = F30C12A22785CAEC00343DCB /* XCRemoteSwiftPackageReference "iOS-UIKit" */;
			productName = AgoraUIKit_iOS;
		};
/* End XCSwiftPackageProductDependency section */
	};
	rootObject = F30C12892785CA8D00343DCB /* Project object */;
}
